
Microsoft Visual Studio Solution File, Format Version 12.00
# Visual Studio Version 17
VisualStudioVersion = 17.14.36429.23
MinimumVisualStudioVersion = 10.0.40219.1
Project("{2150E333-8FDC-42A3-9474-1A3956D46DE8}") = "Task2", "Task2", "{02EA681E-C7D8-13C7-8484-4AC65E1B71E8}"
EndProject
Project("{FAE04EC0-301F-11D3-BF4B-00C04F79EFBC}") = "Tyuiu.BorisovaAD.Sprint0.Task2.V0", "Tyuiu.BorisovaAD.Sprint0.Task2.V0\Tyuiu.BorisovaAD.Sprint0.Task2.V0.csproj", "{D99A8DF3-38F4-4871-9FE2-4E812D366737}"
EndProject
Project("{FAE04EC0-301F-11D3-BF4B-00C04F79EFBC}") = "Tyuiu.BorisovaAD.Sprint0.Task2.V0.Lib", "Tyuiu.BorisovaAD.Sprint0.Task2.V0.Lib\Tyuiu.BorisovaAD.Sprint0.Task2.V0.Lib.csproj", "{07F21803-370F-4F9F-B438-DE938CFA88D6}"
EndProject
Project("{FAE04EC0-301F-11D3-BF4B-00C04F79EFBC}") = "Tyuiu.BorisovaAD.Sprint0.Task2.V0.Test", "Tyuiu.BorisovaAD.Sprint0.Task2.V0.Test\Tyuiu.BorisovaAD.Sprint0.Task2.V0.Test.csproj", "{05AC3D89-D84C-4FA9-97AD-5E86679C3139}"
EndProject
Project("{2150E333-8FDC-42A3-9474-1A3956D46DE8}") = "Task3", "Task3", "{2BDF3F98-9AFB-460F-965E-36852DCBD7F7}"
EndProject
Project("{FAE04EC0-301F-11D3-BF4B-00C04F79EFBC}") = "Tyuiu.BorisovaAD.Sprint0.Task3.V0.Test", "Tyuiu.BorisovaAD.Sprint0.Task3.V0.Test\Tyuiu.BorisovaAD.Sprint0.Task3.V0.Test.csproj", "{6FC02757-705A-4B2C-9326-F632DB29B859}"
EndProject
Project("{FAE04EC0-301F-11D3-BF4B-00C04F79EFBC}") = "Tyuiu.BorisovaAD.Sprint0.Task3.V0.Lib", "Tyuiu.BorisovaAD.Sprint0.Task3.V0.Lib\Tyuiu.BorisovaAD.Sprint0.Task3.V0.Lib.csproj", "{FAD5AC56-5157-4937-AD91-4AF51A41287F}"
EndProject
Project("{FAE04EC0-301F-11D3-BF4B-00C04F79EFBC}") = "Tyuiu.BorisovaAD.Sprint0.Task3.V0", "Tyuiu.BorisovaAD.Sprint0.Task3.V0\Tyuiu.BorisovaAD.Sprint0.Task3.V0.csproj", "{13889964-EED1-4899-9019-A21DA75AC66E}"
EndProject
Project("{2150E333-8FDC-42A3-9474-1A3956D46DE8}") = "Task4", "Task4", "{130BA23A-08EE-4B31-BEA9-680612104067}"
EndProject
Project("{FAE04EC0-301F-11D3-BF4B-00C04F79EFBC}") = "Tyuiu.BorisovaAD.Sprint0.Task4.V0.Test", "Tyuiu.BorisovaAD.Sprint0.Task4.V0.Test\Tyuiu.BorisovaAD.Sprint0.Task4.V0.Test.csproj", "{DA5426D7-B990-4DF5-90AC-BAF87F382826}"
EndProject
Project("{FAE04EC0-301F-11D3-BF4B-00C04F79EFBC}") = "Tyuiu.BorisovaAD.Sprint0.Task4.V0.Lib", "Tyuiu.BorisovaAD.Sprint0.Task4.V0.Lib\Tyuiu.BorisovaAD.Sprint0.Task4.V0.Lib.csproj", "{5237E8D2-68A1-480F-8191-8CB49213AA46}"
EndProject
Project("{FAE04EC0-301F-11D3-BF4B-00C04F79EFBC}") = "Tyuiu.BorisovaAD.Sprint0.Task4.V0", "Tyuiu.BorisovaAD.Sprint0.Task4.V0\Tyuiu.BorisovaAD.Sprint0.Task4.V0.csproj", "{0B446CA1-5B38-4ED6-9284-2C0536C5CD2E}"
EndProject
Project("{2150E333-8FDC-42A3-9474-1A3956D46DE8}") = "Task5", "Task5", "{4999C91D-C590-405C-A92C-4AED2CECDD0D}"
EndProject
Project("{FAE04EC0-301F-11D3-BF4B-00C04F79EFBC}") = "Tyuiu.BorisovaAD.Sprint0.Task5.V0", "Tyuiu.BorisovaAD.Sprint0.Task5.V0\Tyuiu.BorisovaAD.Sprint0.Task5.V0.csproj", "{259709B0-3459-4491-80DA-A6C12125E0B7}"
EndProject
Project("{FAE04EC0-301F-11D3-BF4B-00C04F79EFBC}") = "Tyuiu.BorisovaAD.Sprint0.Task5.V0.Lib", "Tyuiu.BorisovaAD.Sprint0.Task5.V0.Lib\Tyuiu.BorisovaAD.Sprint0.Task5.V0.Lib.csproj", "{7EB59327-2184-419C-B859-B72BF27A85E2}"
EndProject
Project("{FAE04EC0-301F-11D3-BF4B-00C04F79EFBC}") = "Tyuiu.BorisovaAD.Sprint0.Task5.V0.Test", "Tyuiu.BorisovaAD.Sprint0.Task5.V0.Test\Tyuiu.BorisovaAD.Sprint0.Task5.V0.Test.csproj", "{04F1A49E-0916-46EF-AD37-2267ED045485}"
EndProject
Global
	GlobalSection(SolutionConfigurationPlatforms) = preSolution
		Debug|Any CPU = Debug|Any CPU
		Release|Any CPU = Release|Any CPU
	EndGlobalSection
	GlobalSection(ProjectConfigurationPlatforms) = postSolution
		{D99A8DF3-38F4-4871-9FE2-4E812D366737}.Debug|Any CPU.ActiveCfg = Debug|Any CPU
		{D99A8DF3-38F4-4871-9FE2-4E812D366737}.Debug|Any CPU.Build.0 = Debug|Any CPU
		{D99A8DF3-38F4-4871-9FE2-4E812D366737}.Release|Any CPU.ActiveCfg = Release|Any CPU
		{D99A8DF3-38F4-4871-9FE2-4E812D366737}.Release|Any CPU.Build.0 = Release|Any CPU
		{07F21803-370F-4F9F-B438-DE938CFA88D6}.Debug|Any CPU.ActiveCfg = Debug|Any CPU
		{07F21803-370F-4F9F-B438-DE938CFA88D6}.Debug|Any CPU.Build.0 = Debug|Any CPU
		{07F21803-370F-4F9F-B438-DE938CFA88D6}.Release|Any CPU.ActiveCfg = Release|Any CPU
		{07F21803-370F-4F9F-B438-DE938CFA88D6}.Release|Any CPU.Build.0 = Release|Any CPU
		{05AC3D89-D84C-4FA9-97AD-5E86679C3139}.Debug|Any CPU.ActiveCfg = Debug|Any CPU
		{05AC3D89-D84C-4FA9-97AD-5E86679C3139}.Debug|Any CPU.Build.0 = Debug|Any CPU
		{05AC3D89-D84C-4FA9-97AD-5E86679C3139}.Release|Any CPU.ActiveCfg = Release|Any CPU
		{05AC3D89-D84C-4FA9-97AD-5E86679C3139}.Release|Any CPU.Build.0 = Release|Any CPU
		{6FC02757-705A-4B2C-9326-F632DB29B859}.Debug|Any CPU.ActiveCfg = Debug|Any CPU
		{6FC02757-705A-4B2C-9326-F632DB29B859}.Debug|Any CPU.Build.0 = Debug|Any CPU
		{6FC02757-705A-4B2C-9326-F632DB29B859}.Release|Any CPU.ActiveCfg = Release|Any CPU
		{6FC02757-705A-4B2C-9326-F632DB29B859}.Release|Any CPU.Build.0 = Release|Any CPU
		{FAD5AC56-5157-4937-AD91-4AF51A41287F}.Debug|Any CPU.ActiveCfg = Debug|Any CPU
		{FAD5AC56-5157-4937-AD91-4AF51A41287F}.Debug|Any CPU.Build.0 = Debug|Any CPU
		{FAD5AC56-5157-4937-AD91-4AF51A41287F}.Release|Any CPU.ActiveCfg = Release|Any CPU
		{FAD5AC56-5157-4937-AD91-4AF51A41287F}.Release|Any CPU.Build.0 = Release|Any CPU
		{13889964-EED1-4899-9019-A21DA75AC66E}.Debug|Any CPU.ActiveCfg = Debug|Any CPU
		{13889964-EED1-4899-9019-A21DA75AC66E}.Debug|Any CPU.Build.0 = Debug|Any CPU
		{13889964-EED1-4899-9019-A21DA75AC66E}.Release|Any CPU.ActiveCfg = Release|Any CPU
		{13889964-EED1-4899-9019-A21DA75AC66E}.Release|Any CPU.Build.0 = Release|Any CPU
		{DA5426D7-B990-4DF5-90AC-BAF87F382826}.Debug|Any CPU.ActiveCfg = Debug|Any CPU
		{DA5426D7-B990-4DF5-90AC-BAF87F382826}.Debug|Any CPU.Build.0 = Debug|Any CPU
		{DA5426D7-B990-4DF5-90AC-BAF87F382826}.Release|Any CPU.ActiveCfg = Release|Any CPU
		{DA5426D7-B990-4DF5-90AC-BAF87F382826}.Release|Any CPU.Build.0 = Release|Any CPU
		{5237E8D2-68A1-480F-8191-8CB49213AA46}.Debug|Any CPU.ActiveCfg = Debug|Any CPU
		{5237E8D2-68A1-480F-8191-8CB49213AA46}.Debug|Any CPU.Build.0 = Debug|Any CPU
		{5237E8D2-68A1-480F-8191-8CB49213AA46}.Release|Any CPU.ActiveCfg = Release|Any CPU
		{5237E8D2-68A1-480F-8191-8CB49213AA46}.Release|Any CPU.Build.0 = Release|Any CPU
		{0B446CA1-5B38-4ED6-9284-2C0536C5CD2E}.Debug|Any CPU.ActiveCfg = Debug|Any CPU
		{0B446CA1-5B38-4ED6-9284-2C0536C5CD2E}.Debug|Any CPU.Build.0 = Debug|Any CPU
		{0B446CA1-5B38-4ED6-9284-2C0536C5CD2E}.Release|Any CPU.ActiveCfg = Release|Any CPU
		{0B446CA1-5B38-4ED6-9284-2C0536C5CD2E}.Release|Any CPU.Build.0 = Release|Any CPU
		{259709B0-3459-4491-80DA-A6C12125E0B7}.Debug|Any CPU.ActiveCfg = Debug|Any CPU
		{259709B0-3459-4491-80DA-A6C12125E0B7}.Debug|Any CPU.Build.0 = Debug|Any CPU
		{259709B0-3459-4491-80DA-A6C12125E0B7}.Release|Any CPU.ActiveCfg = Release|Any CPU
		{259709B0-3459-4491-80DA-A6C12125E0B7}.Release|Any CPU.Build.0 = Release|Any CPU
		{7EB59327-2184-419C-B859-B72BF27A85E2}.Debug|Any CPU.ActiveCfg = Debug|Any CPU
		{7EB59327-2184-419C-B859-B72BF27A85E2}.Debug|Any CPU.Build.0 = Debug|Any CPU
		{7EB59327-2184-419C-B859-B72BF27A85E2}.Release|Any CPU.ActiveCfg = Release|Any CPU
		{7EB59327-2184-419C-B859-B72BF27A85E2}.Release|Any CPU.Build.0 = Release|Any CPU
		{04F1A49E-0916-46EF-AD37-2267ED045485}.Debug|Any CPU.ActiveCfg = Debug|Any CPU
		{04F1A49E-0916-46EF-AD37-2267ED045485}.Debug|Any CPU.Build.0 = Debug|Any CPU
		{04F1A49E-0916-46EF-AD37-2267ED045485}.Release|Any CPU.ActiveCfg = Release|Any CPU
		{04F1A49E-0916-46EF-AD37-2267ED045485}.Release|Any CPU.Build.0 = Release|Any CPU
	EndGlobalSection
	GlobalSection(SolutionProperties) = preSolution
		HideSolutionNode = FALSE
	EndGlobalSection
	GlobalSection(NestedProjects) = preSolution
		{D99A8DF3-38F4-4871-9FE2-4E812D366737} = {02EA681E-C7D8-13C7-8484-4AC65E1B71E8}
		{07F21803-370F-4F9F-B438-DE938CFA88D6} = {02EA681E-C7D8-13C7-8484-4AC65E1B71E8}
		{05AC3D89-D84C-4FA9-97AD-5E86679C3139} = {02EA681E-C7D8-13C7-8484-4AC65E1B71E8}
		{6FC02757-705A-4B2C-9326-F632DB29B859} = {2BDF3F98-9AFB-460F-965E-36852DCBD7F7}
		{FAD5AC56-5157-4937-AD91-4AF51A41287F} = {2BDF3F98-9AFB-460F-965E-36852DCBD7F7}
		{13889964-EED1-4899-9019-A21DA75AC66E} = {2BDF3F98-9AFB-460F-965E-36852DCBD7F7}
		{DA5426D7-B990-4DF5-90AC-BAF87F382826} = {130BA23A-08EE-4B31-BEA9-680612104067}
		{5237E8D2-68A1-480F-8191-8CB49213AA46} = {130BA23A-08EE-4B31-BEA9-680612104067}
		{0B446CA1-5B38-4ED6-9284-2C0536C5CD2E} = {130BA23A-08EE-4B31-BEA9-680612104067}
		{259709B0-3459-4491-80DA-A6C12125E0B7} = {4999C91D-C590-405C-A92C-4AED2CECDD0D}
		{7EB59327-2184-419C-B859-B72BF27A85E2} = {4999C91D-C590-405C-A92C-4AED2CECDD0D}
		{04F1A49E-0916-46EF-AD37-2267ED045485} = {4999C91D-C590-405C-A92C-4AED2CECDD0D}
	EndGlobalSection
	GlobalSection(ExtensibilityGlobals) = postSolution
		SolutionGuid = {2E84A558-FE69-44D5-8A2C-8F55CAFBC281}
	EndGlobalSection
EndGlobal
